{"source[binutils]": true, "source[autoconf]": true, "host-autoconf": true, "source[gcc]": true, "source[libtool]": true, "source[pkg-config]": true, "host-libtool": true, "host-pkg-config": true, "host-binutils": true, "host-gcc[compiler]": true, "host-gcc[libgcc]": true, "host-gcc[libstdc++]": true, "host-gcc": true, "source[zlib]": true, "source[xz-utils]": true, "source[libmd]": true, "source[dpkg]": true, "zlib": true, "xz-utils": true, "libmd": true, "dpkg": true, "source[bison]": true, "host-bison": true, "source[gettext]": true, "host-gettext": true, "source[automake]": true, "host-automake": true, "source[iconv]": true, "iconv": true, "source[readline]": true, "readline": true, "source[bash]": true, "source[mlibc]": true, "mlibc-headers": true, "mlibc": true, "host-tic": true, "source[ncurses]": true, "ncurses": true, "bash": true}