{"source[readline]": 3, "source[autoconf]": 3, "host-autoconf": 3, "source[automake]": 3, "host-automake": 3, "source[libtool]": 3, "source[binutils]": 3, "source[ncurses]": 3, "host-libtool": 3, "source[xz-utils]": 3, "source[pkg-config]": 3, "source[base-files]": 3, "host-pkg-config": 3, "source[libxcrypt]": 3, "source[bison]": 3, "source[gettext]": 3, "source[openssl]": 3, "source[libmd]": 3, "source[coreutils]": 3, "source[bash]": 3, "source[linux]": 3, "source[zlib]": 3, "source[mlibc]": 3, "host-bison": 3, "host-gettext": 3, "source[iconv]": 3, "source[gcc]": 3, "source[mingetty]": 3, "source[dpkg]": 3, "source[shadow]": 3, "host-binutils": 3, "host-tic": 3, "linux-headers": 3, "mlibc-headers": 3, "host-gcc": 3, "host-gcc[compiler]": 3, "mlibc": 3, "host-gcc[libgcc]": 3, "host-gcc[libstdc++]": 3, "ncurses": 3, "readline": 3, "zlib": 3, "xz-utils": 3, "base-files": 3, "libxcrypt": 3, "openssl": 3, "libmd": 3, "coreutils": 3, "iconv": 3, "bash": 3, "mingetty": 3, "dpkg": 3, "shadow": 3}